
Microsoft Visual Studio Solution File, Format Version 12.00
# Visual Studio Version 17
VisualStudioVersion = 17.3.32901.215
MinimumVisualStudioVersion = 10.0.40219.1
Project("{9A19103F-16F7-4668-BE54-9A1E7A4F7556}") = "LibraryView", "LibraryView\LibraryView.csproj", "{2B6D54BF-CA45-4BAB-A3A6-D44CCA6D9AA4}"
EndProject
Project("{9A19103F-16F7-4668-BE54-9A1E7A4F7556}") = "LibraryContracts", "LibraryContracts\LibraryContracts.csproj", "{19CB03BD-6D41-4E89-BA28-01FBC11FBC03}"
EndProject
Project("{9A19103F-16F7-4668-BE54-9A1E7A4F7556}") = "LibraryBusinessLogic", "LibraryBusinessLogic\LibraryBusinessLogic.csproj", "{3CC66791-A7CB-4A5A-96C1-4C2FCE94464C}"
EndProject
Project("{9A19103F-16F7-4668-BE54-9A1E7A4F7556}") = "ComponentsLibrary", "ComponentsLibrary\ComponentsLibrary.csproj", "{6CC58659-B161-40BC-89D5-99A406FFB0BB}"
EndProject
Project("{9A19103F-16F7-4668-BE54-9A1E7A4F7556}") = "LibraryDatabaseImplement", "LibraryDatabaseImplement\LibraryDatabaseImplement.csproj", "{5B6C8A89-11EF-4818-AE9C-6F4BFC16EB6F}"
EndProject
Project("{9A19103F-16F7-4668-BE54-9A1E7A4F7556}") = "PluginsConventionLibrary", "PluginsConventionLibrary\PluginsConventionLibrary.csproj", "{980E31B2-482E-4318-87A5-C679050DA5FB}"
EndProject
Project("{9A19103F-16F7-4668-BE54-9A1E7A4F7556}") = "RomanovaPlugin", "RomanovaPlugin\RomanovaPlugin.csproj", "{137B19B8-3D7C-4FDC-BBA6-7B264A58E09A}"
EndProject
Project("{FAE04EC0-301F-11D3-BF4B-00C04F79EFBC}") = "WinFormsAppByPlugins", "WinFormsAppByPlugins\WinFormsAppByPlugins.csproj", "{4CE5C9FF-0AD7-4E55-815E-1547447D7EC5}"
EndProject
Global
	GlobalSection(SolutionConfigurationPlatforms) = preSolution
		Debug|Any CPU = Debug|Any CPU
		Release|Any CPU = Release|Any CPU
	EndGlobalSection
	GlobalSection(ProjectConfigurationPlatforms) = postSolution
		{2B6D54BF-CA45-4BAB-A3A6-D44CCA6D9AA4}.Debug|Any CPU.ActiveCfg = Debug|Any CPU
		{2B6D54BF-CA45-4BAB-A3A6-D44CCA6D9AA4}.Debug|Any CPU.Build.0 = Debug|Any CPU
		{2B6D54BF-CA45-4BAB-A3A6-D44CCA6D9AA4}.Release|Any CPU.ActiveCfg = Release|Any CPU
		{2B6D54BF-CA45-4BAB-A3A6-D44CCA6D9AA4}.Release|Any CPU.Build.0 = Release|Any CPU
		{19CB03BD-6D41-4E89-BA28-01FBC11FBC03}.Debug|Any CPU.ActiveCfg = Debug|Any CPU
		{19CB03BD-6D41-4E89-BA28-01FBC11FBC03}.Debug|Any CPU.Build.0 = Debug|Any CPU
		{19CB03BD-6D41-4E89-BA28-01FBC11FBC03}.Release|Any CPU.ActiveCfg = Release|Any CPU
		{19CB03BD-6D41-4E89-BA28-01FBC11FBC03}.Release|Any CPU.Build.0 = Release|Any CPU
		{3CC66791-A7CB-4A5A-96C1-4C2FCE94464C}.Debug|Any CPU.ActiveCfg = Debug|Any CPU
		{3CC66791-A7CB-4A5A-96C1-4C2FCE94464C}.Debug|Any CPU.Build.0 = Debug|Any CPU
		{3CC66791-A7CB-4A5A-96C1-4C2FCE94464C}.Release|Any CPU.ActiveCfg = Release|Any CPU
		{3CC66791-A7CB-4A5A-96C1-4C2FCE94464C}.Release|Any CPU.Build.0 = Release|Any CPU
		{6CC58659-B161-40BC-89D5-99A406FFB0BB}.Debug|Any CPU.ActiveCfg = Debug|Any CPU
		{6CC58659-B161-40BC-89D5-99A406FFB0BB}.Debug|Any CPU.Build.0 = Debug|Any CPU
		{6CC58659-B161-40BC-89D5-99A406FFB0BB}.Release|Any CPU.ActiveCfg = Release|Any CPU
		{6CC58659-B161-40BC-89D5-99A406FFB0BB}.Release|Any CPU.Build.0 = Release|Any CPU
		{5B6C8A89-11EF-4818-AE9C-6F4BFC16EB6F}.Debug|Any CPU.ActiveCfg = Debug|Any CPU
		{5B6C8A89-11EF-4818-AE9C-6F4BFC16EB6F}.Debug|Any CPU.Build.0 = Debug|Any CPU
		{5B6C8A89-11EF-4818-AE9C-6F4BFC16EB6F}.Release|Any CPU.ActiveCfg = Release|Any CPU
		{5B6C8A89-11EF-4818-AE9C-6F4BFC16EB6F}.Release|Any CPU.Build.0 = Release|Any CPU
		{980E31B2-482E-4318-87A5-C679050DA5FB}.Debug|Any CPU.ActiveCfg = Debug|Any CPU
		{980E31B2-482E-4318-87A5-C679050DA5FB}.Debug|Any CPU.Build.0 = Debug|Any CPU
		{980E31B2-482E-4318-87A5-C679050DA5FB}.Release|Any CPU.ActiveCfg = Release|Any CPU
		{980E31B2-482E-4318-87A5-C679050DA5FB}.Release|Any CPU.Build.0 = Release|Any CPU
		{137B19B8-3D7C-4FDC-BBA6-7B264A58E09A}.Debug|Any CPU.ActiveCfg = Debug|Any CPU
		{137B19B8-3D7C-4FDC-BBA6-7B264A58E09A}.Debug|Any CPU.Build.0 = Debug|Any CPU
		{137B19B8-3D7C-4FDC-BBA6-7B264A58E09A}.Release|Any CPU.ActiveCfg = Release|Any CPU
		{137B19B8-3D7C-4FDC-BBA6-7B264A58E09A}.Release|Any CPU.Build.0 = Release|Any CPU
		{4CE5C9FF-0AD7-4E55-815E-1547447D7EC5}.Debug|Any CPU.ActiveCfg = Debug|Any CPU
		{4CE5C9FF-0AD7-4E55-815E-1547447D7EC5}.Debug|Any CPU.Build.0 = Debug|Any CPU
		{4CE5C9FF-0AD7-4E55-815E-1547447D7EC5}.Release|Any CPU.ActiveCfg = Release|Any CPU
		{4CE5C9FF-0AD7-4E55-815E-1547447D7EC5}.Release|Any CPU.Build.0 = Release|Any CPU
	EndGlobalSection
	GlobalSection(SolutionProperties) = preSolution
		HideSolutionNode = FALSE
	EndGlobalSection
	GlobalSection(ExtensibilityGlobals) = postSolution
		SolutionGuid = {6CBEF515-46C4-420B-8FF7-97291342CBB3}
	EndGlobalSection
EndGlobal
